// !$*UTF8*$!
{
	archiveVersion = 1;
	classes = {
	};
	objectVersion = 56;
	objects = {

/* Begin PBXBuildFile section */
		9759D54C29ABB9D100FC307C /* TicTacToeApp.swift in Sources */ = {isa = PBXBuildFile; fileRef = 9759D54B29ABB9D100FC307C /* TicTacToeApp.swift */; };
		9759D54E29ABB9D100FC307C /* StartView.swift in Sources */ = {isa = PBXBuildFile; fileRef = 9759D54D29ABB9D100FC307C /* StartView.swift */; };
		9759D55029ABB9D200FC307C /* Assets.xcassets in Resources */ = {isa = PBXBuildFile; fileRef = 9759D54F29ABB9D200FC307C /* Assets.xcassets */; };
		9759D55329ABB9D200FC307C /* Preview Assets.xcassets in Resources */ = {isa = PBXBuildFile; fileRef = 9759D55229ABB9D200FC307C /* Preview Assets.xcassets */; };
		9759D55A29ABBC5D00FC307C /* Launch Screen.storyboard in Resources */ = {isa = PBXBuildFile; fileRef = 9759D55929ABBC5D00FC307C /* Launch Screen.storyboard */; };
		9759D55D29ABBDE000FC307C /* GameModels.swift in Sources */ = {isa = PBXBuildFile; fileRef = 9759D55C29ABBDE000FC307C /* GameModels.swift */; };
		9759D56029ABC3A900FC307C /* ViewModifiers.swift in Sources */ = {isa = PBXBuildFile; fileRef = 9759D55F29ABC3A900FC307C /* ViewModifiers.swift */; };
		9759D56329ABC47700FC307C /* GameView.swift in Sources */ = {isa = PBXBuildFile; fileRef = 9759D56229ABC47700FC307C /* GameView.swift */; };
		97C58FFA29AC00C100928760 /* GameService.swift in Sources */ = {isa = PBXBuildFile; fileRef = 97C58FF929AC00C100928760 /* GameService.swift */; };
		97EBE9A429B58A950074398C /* YourNameView.swift in Sources */ = {isa = PBXBuildFile; fileRef = 97EBE9A329B58A950074398C /* YourNameView.swift */; };
		97EBE9A829B594700074398C /* MPConnectionManager.swift in Sources */ = {isa = PBXBuildFile; fileRef = 97EBE9A729B594700074398C /* MPConnectionManager.swift */; };
		97EBE9AA29B6353F0074398C /* MPGameMove.swift in Sources */ = {isa = PBXBuildFile; fileRef = 97EBE9A929B6353F0074398C /* MPGameMove.swift */; };
		97EBE9AC29B639090074398C /* MPPeersView.swift in Sources */ = {isa = PBXBuildFile; fileRef = 97EBE9AB29B639090074398C /* MPPeersView.swift */; };
		97EEB4D029AC09B0004AB1B9 /* GameSquare.swift in Sources */ = {isa = PBXBuildFile; fileRef = 97EEB4CF29AC09B0004AB1B9 /* GameSquare.swift */; };
		97EEB4D229AC0E57004AB1B9 /* SquareView.swift in Sources */ = {isa = PBXBuildFile; fileRef = 97EEB4D129AC0E57004AB1B9 /* SquareView.swift */; };
/* End PBXBuildFile section */

/* Begin PBXFileReference section */
		9759D54829ABB9D100FC307C /* TicTacToe.app */ = {isa = PBXFileReference; explicitFileType = wrapper.application; includeInIndex = 0; path = TicTacToe.app; sourceTree = BUILT_PRODUCTS_DIR; };
		9759D54B29ABB9D100FC307C /* TicTacToeApp.swift */ = {isa = PBXFileReference; lastKnownFileType = sourcecode.swift; path = TicTacToeApp.swift; sourceTree = "<group>"; };
		9759D54D29ABB9D100FC307C /* StartView.swift */ = {isa = PBXFileReference; lastKnownFileType = sourcecode.swift; path = StartView.swift; sourceTree = "<group>"; };
		9759D54F29ABB9D200FC307C /* Assets.xcassets */ = {isa = PBXFileReference; lastKnownFileType = folder.assetcatalog; path = Assets.xcassets; sourceTree = "<group>"; };
		9759D55229ABB9D200FC307C /* Preview Assets.xcassets */ = {isa = PBXFileReference; lastKnownFileType = folder.assetcatalog; path = "Preview Assets.xcassets"; sourceTree = "<group>"; };
		9759D55929ABBC5D00FC307C /* Launch Screen.storyboard */ = {isa = PBXFileReference; lastKnownFileType = file.storyboard; path = "Launch Screen.storyboard"; sourceTree = "<group>"; };
		9759D55C29ABBDE000FC307C /* GameModels.swift */ = {isa = PBXFileReference; lastKnownFileType = sourcecode.swift; path = GameModels.swift; sourceTree = "<group>"; };
		9759D55F29ABC3A900FC307C /* ViewModifiers.swift */ = {isa = PBXFileReference; lastKnownFileType = sourcecode.swift; path = ViewModifiers.swift; sourceTree = "<group>"; };
		9759D56229ABC47700FC307C /* GameView.swift */ = {isa = PBXFileReference; lastKnownFileType = sourcecode.swift; path = GameView.swift; sourceTree = "<group>"; };
		97C58FF929AC00C100928760 /* GameService.swift */ = {isa = PBXFileReference; lastKnownFileType = sourcecode.swift; path = GameService.swift; sourceTree = "<group>"; };
		97EBE9A329B58A950074398C /* YourNameView.swift */ = {isa = PBXFileReference; lastKnownFileType = sourcecode.swift; path = YourNameView.swift; sourceTree = "<group>"; };
		97EBE9A529B593960074398C /* Info.plist */ = {isa = PBXFileReference; lastKnownFileType = text.plist; path = Info.plist; sourceTree = "<group>"; };
		97EBE9A729B594700074398C /* MPConnectionManager.swift */ = {isa = PBXFileReference; lastKnownFileType = sourcecode.swift; path = MPConnectionManager.swift; sourceTree = "<group>"; };
		97EBE9A929B6353F0074398C /* MPGameMove.swift */ = {isa = PBXFileReference; lastKnownFileType = sourcecode.swift; path = MPGameMove.swift; sourceTree = "<group>"; };
		97EBE9AB29B639090074398C /* MPPeersView.swift */ = {isa = PBXFileReference; lastKnownFileType = sourcecode.swift; path = MPPeersView.swift; sourceTree = "<group>"; };
		97EEB4CF29AC09B0004AB1B9 /* GameSquare.swift */ = {isa = PBXFileReference; lastKnownFileType = sourcecode.swift; path = GameSquare.swift; sourceTree = "<group>"; };
		97EEB4D129AC0E57004AB1B9 /* SquareView.swift */ = {isa = PBXFileReference; lastKnownFileType = sourcecode.swift; path = SquareView.swift; sourceTree = "<group>"; };
/* End PBXFileReference section */

/* Begin PBXFrameworksBuildPhase section */
		9759D54529ABB9D100FC307C /* Frameworks */ = {
			isa = PBXFrameworksBuildPhase;
			buildActionMask = 2147483647;
			files = (
			);
			runOnlyForDeploymentPostprocessing = 0;
		};
/* End PBXFrameworksBuildPhase section */

/* Begin PBXGroup section */
		9759D53F29ABB9D100FC307C = {
			isa = PBXGroup;
			children = (
				9759D54A29ABB9D100FC307C /* TicTacToe */,
				9759D54929ABB9D100FC307C /* Products */,
			);
			sourceTree = "<group>";
		};
		9759D54929ABB9D100FC307C /* Products */ = {
			isa = PBXGroup;
			children = (
				9759D54829ABB9D100FC307C /* TicTacToe.app */,
			);
			name = Products;
			sourceTree = "<group>";
		};
		9759D54A29ABB9D100FC307C /* TicTacToe */ = {
			isa = PBXGroup;
			children = (
				97EBE9A529B593960074398C /* Info.plist */,
				9759D54B29ABB9D100FC307C /* TicTacToeApp.swift */,
				9759D54D29ABB9D100FC307C /* StartView.swift */,
				97EBE9A329B58A950074398C /* YourNameView.swift */,
				9759D56129ABC45F00FC307C /* Game Screen */,
				97EBE9A629B5943F0074398C /* MultiPeerConnectivity */,
				9759D55B29ABBDCF00FC307C /* Models */,
				9759D55E29ABC39300FC307C /* Utilities */,
				9759D54F29ABB9D200FC307C /* Assets.xcassets */,
				9759D55929ABBC5D00FC307C /* Launch Screen.storyboard */,
				9759D55129ABB9D200FC307C /* Preview Content */,
			);
			path = TicTacToe;
			sourceTree = "<group>";
		};
		9759D55129ABB9D200FC307C /* Preview Content */ = {
			isa = PBXGroup;
			children = (
				9759D55229ABB9D200FC307C /* Preview Assets.xcassets */,
			);
			path = "Preview Content";
			sourceTree = "<group>";
		};
		9759D55B29ABBDCF00FC307C /* Models */ = {
			isa = PBXGroup;
			children = (
				9759D55C29ABBDE000FC307C /* GameModels.swift */,
			);
			path = Models;
			sourceTree = "<group>";
		};
		9759D55E29ABC39300FC307C /* Utilities */ = {
			isa = PBXGroup;
			children = (
				9759D55F29ABC3A900FC307C /* ViewModifiers.swift */,
			);
			path = Utilities;
			sourceTree = "<group>";
		};
		9759D56129ABC45F00FC307C /* Game Screen */ = {
			isa = PBXGroup;
			children = (
				9759D56229ABC47700FC307C /* GameView.swift */,
				97C58FF929AC00C100928760 /* GameService.swift */,
				97EEB4CF29AC09B0004AB1B9 /* GameSquare.swift */,
				97EEB4D129AC0E57004AB1B9 /* SquareView.swift */,
			);
			path = "Game Screen";
			sourceTree = "<group>";
		};
		97EBE9A629B5943F0074398C /* MultiPeerConnectivity */ = {
			isa = PBXGroup;
			children = (
				97EBE9A729B594700074398C /* MPConnectionManager.swift */,
				97EBE9A929B6353F0074398C /* MPGameMove.swift */,
				97EBE9AB29B639090074398C /* MPPeersView.swift */,
			);
			path = MultiPeerConnectivity;
			sourceTree = "<group>";
		};
/* End PBXGroup section */

/* Begin PBXNativeTarget section */
		9759D54729ABB9D100FC307C /* TicTacToe */ = {
			isa = PBXNativeTarget;
			buildConfigurationList = 9759D55629ABB9D200FC307C /* Build configuration list for PBXNativeTarget "TicTacToe" */;
			buildPhases = (
				9759D54429ABB9D100FC307C /* Sources */,
				9759D54529ABB9D100FC307C /* Frameworks */,
				9759D54629ABB9D100FC307C /* Resources */,
			);
			buildRules = (
			);
			dependencies = (
			);
			name = TicTacToe;
			productName = TicTacToe;
			productReference = 9759D54829ABB9D100FC307C /* TicTacToe.app */;
			productType = "com.apple.product-type.application";
		};
/* End PBXNativeTarget section */

/* Begin PBXProject section */
		9759D54029ABB9D100FC307C /* Project object */ = {
			isa = PBXProject;
			attributes = {
				BuildIndependentTargetsInParallel = 1;
				LastSwiftUpdateCheck = 1420;
				LastUpgradeCheck = 1420;
				TargetAttributes = {
					9759D54729ABB9D100FC307C = {
						CreatedOnToolsVersion = 14.2;
					};
				};
			};
			buildConfigurationList = 9759D54329ABB9D100FC307C /* Build configuration list for PBXProject "TicTacToe" */;
			compatibilityVersion = "Xcode 14.0";
			developmentRegion = en;
			hasScannedForEncodings = 0;
			knownRegions = (
				en,
				Base,
			);
			mainGroup = 9759D53F29ABB9D100FC307C;
			productRefGroup = 9759D54929ABB9D100FC307C /* Products */;
			projectDirPath = "";
			projectRoot = "";
			targets = (
				9759D54729ABB9D100FC307C /* TicTacToe */,
			);
		};
/* End PBXProject section */

/* Begin PBXResourcesBuildPhase section */
		9759D54629ABB9D100FC307C /* Resources */ = {
			isa = PBXResourcesBuildPhase;
			buildActionMask = 2147483647;
			files = (
				9759D55A29ABBC5D00FC307C /* Launch Screen.storyboard in Resources */,
				9759D55329ABB9D200FC307C /* Preview Assets.xcassets in Resources */,
				9759D55029ABB9D200FC307C /* Assets.xcassets in Resources */,
			);
			runOnlyForDeploymentPostprocessing = 0;
		};
/* End PBXResourcesBuildPhase section */

/* Begin PBXSourcesBuildPhase section */
		9759D54429ABB9D100FC307C /* Sources */ = {
			isa = PBXSourcesBuildPhase;
			buildActionMask = 2147483647;
			files = (
				97EBE9AA29B6353F0074398C /* MPGameMove.swift in Sources */,
				97EBE9A429B58A950074398C /* YourNameView.swift in Sources */,
				9759D54E29ABB9D100FC307C /* StartView.swift in Sources */,
				9759D55D29ABBDE000FC307C /* GameModels.swift in Sources */,
				9759D54C29ABB9D100FC307C /* TicTacToeApp.swift in Sources */,
				97C58FFA29AC00C100928760 /* GameService.swift in Sources */,
				9759D56029ABC3A900FC307C /* ViewModifiers.swift in Sources */,
				97EBE9AC29B639090074398C /* MPPeersView.swift in Sources */,
				97EBE9A829B594700074398C /* MPConnectionManager.swift in Sources */,
				9759D56329ABC47700FC307C /* GameView.swift in Sources */,
				97EEB4D029AC09B0004AB1B9 /* GameSquare.swift in Sources */,
				97EEB4D229AC0E57004AB1B9 /* SquareView.swift in Sources */,
			);
			runOnlyForDeploymentPostprocessing = 0;
		};
/* End PBXSourcesBuildPhase section */

/* Begin XCBuildConfiguration section */
		9759D55429ABB9D200FC307C /* Debug */ = {
			isa = XCBuildConfiguration;
			buildSettings = {
				ALWAYS_SEARCH_USER_PATHS = NO;
				CLANG_ANALYZER_NONNULL = YES;
				CLANG_ANALYZER_NUMBER_OBJECT_CONVERSION = YES_AGGRESSIVE;
				CLANG_CXX_LANGUAGE_STANDARD = "gnu++20";
				CLANG_ENABLE_MODULES = YES;
				CLANG_ENABLE_OBJC_ARC = YES;
				CLANG_ENABLE_OBJC_WEAK = YES;
				CLANG_WARN_BLOCK_CAPTURE_AUTORELEASING = YES;
				CLANG_WARN_BOOL_CONVERSION = YES;
				CLANG_WARN_COMMA = YES;
				CLANG_WARN_CONSTANT_CONVERSION = YES;
				CLANG_WARN_DEPRECATED_OBJC_IMPLEMENTATIONS = YES;
				CLANG_WARN_DIRECT_OBJC_ISA_USAGE = YES_ERROR;
				CLANG_WARN_DOCUMENTATION_COMMENTS = YES;
				CLANG_WARN_EMPTY_BODY = YES;
				CLANG_WARN_ENUM_CONVERSION = YES;
				CLANG_WARN_INFINITE_RECURSION = YES;
				CLANG_WARN_INT_CONVERSION = YES;
				CLANG_WARN_NON_LITERAL_NULL_CONVERSION = YES;
				CLANG_WARN_OBJC_IMPLICIT_RETAIN_SELF = YES;
				CLANG_WARN_OBJC_LITERAL_CONVERSION = YES;
				CLANG_WARN_OBJC_ROOT_CLASS = YES_ERROR;
				CLANG_WARN_QUOTED_INCLUDE_IN_FRAMEWORK_HEADER = YES;
				CLANG_WARN_RANGE_LOOP_ANALYSIS = YES;
				CLANG_WARN_STRICT_PROTOTYPES = YES;
				CLANG_WARN_SUSPICIOUS_MOVE = YES;
				CLANG_WARN_UNGUARDED_AVAILABILITY = YES_AGGRESSIVE;
				CLANG_WARN_UNREACHABLE_CODE = YES;
				CLANG_WARN__DUPLICATE_METHOD_MATCH = YES;
				COPY_PHASE_STRIP = NO;
				DEBUG_INFORMATION_FORMAT = dwarf;
				ENABLE_STRICT_OBJC_MSGSEND = YES;
				ENABLE_TESTABILITY = YES;
				GCC_C_LANGUAGE_STANDARD = gnu11;
				GCC_DYNAMIC_NO_PIC = NO;
				GCC_NO_COMMON_BLOCKS = YES;
				GCC_OPTIMIZATION_LEVEL = 0;
				GCC_PREPROCESSOR_DEFINITIONS = (
					"DEBUG=1",
					"$(inherited)",
				);
				GCC_WARN_64_TO_32_BIT_CONVERSION = YES;
				GCC_WARN_ABOUT_RETURN_TYPE = YES_ERROR;
				GCC_WARN_UNDECLARED_SELECTOR = YES;
				GCC_WARN_UNINITIALIZED_AUTOS = YES_AGGRESSIVE;
				GCC_WARN_UNUSED_FUNCTION = YES;
				GCC_WARN_UNUSED_VARIABLE = YES;
				IPHONEOS_DEPLOYMENT_TARGET = 15.0;
				MTL_ENABLE_DEBUG_INFO = INCLUDE_SOURCE;
				MTL_FAST_MATH = YES;
				ONLY_ACTIVE_ARCH = YES;
				SDKROOT = iphoneos;
				SWIFT_ACTIVE_COMPILATION_CONDITIONS = DEBUG;
				SWIFT_OPTIMIZATION_LEVEL = "-Onone";
			};
			name = Debug;
		};
		9759D55529ABB9D200FC307C /* Release */ = {
			isa = XCBuildConfiguration;
			buildSettings = {
				ALWAYS_SEARCH_USER_PATHS = NO;
				CLANG_ANALYZER_NONNULL = YES;
				CLANG_ANALYZER_NUMBER_OBJECT_CONVERSION = YES_AGGRESSIVE;
				CLANG_CXX_LANGUAGE_STANDARD = "gnu++20";
				CLANG_ENABLE_MODULES = YES;
				CLANG_ENABLE_OBJC_ARC = YES;
				CLANG_ENABLE_OBJC_WEAK = YES;
				CLANG_WARN_BLOCK_CAPTURE_AUTORELEASING = YES;
				CLANG_WARN_BOOL_CONVERSION = YES;
				CLANG_WARN_COMMA = YES;
				CLANG_WARN_CONSTANT_CONVERSION = YES;
				CLANG_WARN_DEPRECATED_OBJC_IMPLEMENTATIONS = YES;
				CLANG_WARN_DIRECT_OBJC_ISA_USAGE = YES_ERROR;
				CLANG_WARN_DOCUMENTATION_COMMENTS = YES;
				CLANG_WARN_EMPTY_BODY = YES;
				CLANG_WARN_ENUM_CONVERSION = YES;
				CLANG_WARN_INFINITE_RECURSION = YES;
				CLANG_WARN_INT_CONVERSION = YES;
				CLANG_WARN_NON_LITERAL_NULL_CONVERSION = YES;
				CLANG_WARN_OBJC_IMPLICIT_RETAIN_SELF = YES;
				CLANG_WARN_OBJC_LITERAL_CONVERSION = YES;
				CLANG_WARN_OBJC_ROOT_CLASS = YES_ERROR;
				CLANG_WARN_QUOTED_INCLUDE_IN_FRAMEWORK_HEADER = YES;
				CLANG_WARN_RANGE_LOOP_ANALYSIS = YES;
				CLANG_WARN_STRICT_PROTOTYPES = YES;
				CLANG_WARN_SUSPICIOUS_MOVE = YES;
				CLANG_WARN_UNGUARDED_AVAILABILITY = YES_AGGRESSIVE;
				CLANG_WARN_UNREACHABLE_CODE = YES;
				CLANG_WARN__DUPLICATE_METHOD_MATCH = YES;
				COPY_PHASE_STRIP = NO;
				DEBUG_INFORMATION_FORMAT = "dwarf-with-dsym";
				ENABLE_NS_ASSERTIONS = NO;
				ENABLE_STRICT_OBJC_MSGSEND = YES;
				GCC_C_LANGUAGE_STANDARD = gnu11;
				GCC_NO_COMMON_BLOCKS = YES;
				GCC_WARN_64_TO_32_BIT_CONVERSION = YES;
				GCC_WARN_ABOUT_RETURN_TYPE = YES_ERROR;
				GCC_WARN_UNDECLARED_SELECTOR = YES;
				GCC_WARN_UNINITIALIZED_AUTOS = YES_AGGRESSIVE;
				GCC_WARN_UNUSED_FUNCTION = YES;
				GCC_WARN_UNUSED_VARIABLE = YES;
				IPHONEOS_DEPLOYMENT_TARGET = 15.0;
				MTL_ENABLE_DEBUG_INFO = NO;
				MTL_FAST_MATH = YES;
				SDKROOT = iphoneos;
				SWIFT_COMPILATION_MODE = wholemodule;
				SWIFT_OPTIMIZATION_LEVEL = "-O";
				VALIDATE_PRODUCT = YES;
			};
			name = Release;
		};
		9759D55729ABB9D200FC307C /* Debug */ = {
			isa = XCBuildConfiguration;
			buildSettings = {
				ASSETCATALOG_COMPILER_APPICON_NAME = AppIcon;
				ASSETCATALOG_COMPILER_GLOBAL_ACCENT_COLOR_NAME = AccentColor;
				CODE_SIGN_STYLE = Automatic;
				CURRENT_PROJECT_VERSION = 1;
				DEVELOPMENT_ASSET_PATHS = "\"TicTacToe/Preview Content\"";
				DEVELOPMENT_TEAM = 562AC69R5Y;
				ENABLE_PREVIEWS = YES;
				GENERATE_INFOPLIST_FILE = YES;
				INFOPLIST_FILE = TicTacToe/Info.plist;
				INFOPLIST_KEY_NSLocalNetworkUsageDescription = "Would like to play Xs and Os";
				INFOPLIST_KEY_UIApplicationSceneManifest_Generation = YES;
				INFOPLIST_KEY_UIApplicationSupportsIndirectInputEvents = YES;
				INFOPLIST_KEY_UILaunchScreen_Generation = YES;
				INFOPLIST_KEY_UILaunchStoryboardName = "Launch Screen.storyboard";
				INFOPLIST_KEY_UISupportedInterfaceOrientations = UIInterfaceOrientationPortrait;
				INFOPLIST_KEY_UISupportedInterfaceOrientations_iPad = "UIInterfaceOrientationLandscapeLeft UIInterfaceOrientationLandscapeRight UIInterfaceOrientationPortrait UIInterfaceOrientationPortraitUpsideDown";
				IPHONEOS_DEPLOYMENT_TARGET = 15.0;
				LD_RUNPATH_SEARCH_PATHS = (
					"$(inherited)",
					"@executable_path/Frameworks",
				);
				MARKETING_VERSION = 1.0;
				PRODUCT_BUNDLE_IDENTIFIER = com.ilicdesign.TicTacToe;
				PRODUCT_NAME = "$(TARGET_NAME)";
				SWIFT_EMIT_LOC_STRINGS = YES;
				SWIFT_VERSION = 5.0;
				TARGETED_DEVICE_FAMILY = "1,2";
			};
			name = Debug;
		};
		9759D55829ABB9D200FC307C /* Release */ = {
			isa = XCBuildConfiguration;
			buildSettings = {
				ASSETCATALOG_COMPILER_APPICON_NAME = AppIcon;
				ASSETCATALOG_COMPILER_GLOBAL_ACCENT_COLOR_NAME = AccentColor;
				CODE_SIGN_STYLE = Automatic;
				CURRENT_PROJECT_VERSION = 1;
				DEVELOPMENT_ASSET_PATHS = "\"TicTacToe/Preview Content\"";
				DEVELOPMENT_TEAM = 562AC69R5Y;
				ENABLE_PREVIEWS = YES;
				GENERATE_INFOPLIST_FILE = YES;
				INFOPLIST_FILE = TicTacToe/Info.plist;
				INFOPLIST_KEY_NSLocalNetworkUsageDescription = "Would like to play Xs and Os";
				INFOPLIST_KEY_UIApplicationSceneManifest_Generation = YES;
				INFOPLIST_KEY_UIApplicationSupportsIndirectInputEvents = YES;
				INFOPLIST_KEY_UILaunchScreen_Generation = YES;
				INFOPLIST_KEY_UILaunchStoryboardName = "Launch Screen.storyboard";
				INFOPLIST_KEY_UISupportedInterfaceOrientations = UIInterfaceOrientationPortrait;
				INFOPLIST_KEY_UISupportedInterfaceOrientations_iPad = "UIInterfaceOrientationLandscapeLeft UIInterfaceOrientationLandscapeRight UIInterfaceOrientationPortrait UIInterfaceOrientationPortraitUpsideDown";
				IPHONEOS_DEPLOYMENT_TARGET = 15.0;
				LD_RUNPATH_SEARCH_PATHS = (
					"$(inherited)",
					"@executable_path/Frameworks",
				);
				MARKETING_VERSION = 1.0;
				PRODUCT_BUNDLE_IDENTIFIER = com.ilicdesign.TicTacToe;
				PRODUCT_NAME = "$(TARGET_NAME)";
				SWIFT_EMIT_LOC_STRINGS = YES;
				SWIFT_VERSION = 5.0;
				TARGETED_DEVICE_FAMILY = "1,2";
			};
			name = Release;
		};
/* End XCBuildConfiguration section */

/* Begin XCConfigurationList section */
		9759D54329ABB9D100FC307C /* Build configuration list for PBXProject "TicTacToe" */ = {
			isa = XCConfigurationList;
			buildConfigurations = (
				9759D55429ABB9D200FC307C /* Debug */,
				9759D55529ABB9D200FC307C /* Release */,
			);
			defaultConfigurationIsVisible = 0;
			defaultConfigurationName = Release;
		};
		9759D55629ABB9D200FC307C /* Build configuration list for PBXNativeTarget "TicTacToe" */ = {
			isa = XCConfigurationList;
			buildConfigurations = (
				9759D55729ABB9D200FC307C /* Debug */,
				9759D55829ABB9D200FC307C /* Release */,
			);
			defaultConfigurationIsVisible = 0;
			defaultConfigurationName = Release;
		};
/* End XCConfigurationList section */
	};
	rootObject = 9759D54029ABB9D100FC307C /* Project object */;
}
